// !$*UTF8*$!
{
	archiveVersion = 1;
	classes = {
	};
	objectVersion = 46;
	objects = {

/* Begin PBXBuildFile section */
		91AAB3B6189657BF0047C560 /* Foundation.framework in Frameworks */ = {isa = PBXBuildFile; fileRef = 91AAB3B5189657BF0047C560 /* Foundation.framework */; };
		91AAB3B8189657BF0047C560 /* CoreGraphics.framework in Frameworks */ = {isa = PBXBuildFile; fileRef = 91AAB3B7189657BF0047C560 /* CoreGraphics.framework */; };
		91AAB3BA189657BF0047C560 /* UIKit.framework in Frameworks */ = {isa = PBXBuildFile; fileRef = 91AAB3B9189657BF0047C560 /* UIKit.framework */; };
		91AAB3BC189657BF0047C560 /* CoreData.framework in Frameworks */ = {isa = PBXBuildFile; fileRef = 91AAB3BB189657BF0047C560 /* CoreData.framework */; };
		91AAB3C2189657BF0047C560 /* InfoPlist.strings in Resources */ = {isa = PBXBuildFile; fileRef = 91AAB3C0189657BF0047C560 /* InfoPlist.strings */; };
		91AAB3C4189657BF0047C560 /* main.m in Sources */ = {isa = PBXBuildFile; fileRef = 91AAB3C3189657BF0047C560 /* main.m */; };
		91AAB3C8189657BF0047C560 /* AppDelegate.m in Sources */ = {isa = PBXBuildFile; fileRef = 91AAB3C7189657BF0047C560 /* AppDelegate.m */; };
		91AAB3CB189657BF0047C560 /* toDoApp.xcdatamodeld in Sources */ = {isa = PBXBuildFile; fileRef = 91AAB3C9189657BF0047C560 /* toDoApp.xcdatamodeld */; };
		91AAB3CD189657BF0047C560 /* Images.xcassets in Resources */ = {isa = PBXBuildFile; fileRef = 91AAB3CC189657BF0047C560 /* Images.xcassets */; };
		91AAB3D4189657BF0047C560 /* XCTest.framework in Frameworks */ = {isa = PBXBuildFile; fileRef = 91AAB3D3189657BF0047C560 /* XCTest.framework */; };
		91AAB3D5189657BF0047C560 /* Foundation.framework in Frameworks */ = {isa = PBXBuildFile; fileRef = 91AAB3B5189657BF0047C560 /* Foundation.framework */; };
		91AAB3D6189657BF0047C560 /* UIKit.framework in Frameworks */ = {isa = PBXBuildFile; fileRef = 91AAB3B9189657BF0047C560 /* UIKit.framework */; };
		91AAB3D7189657BF0047C560 /* CoreData.framework in Frameworks */ = {isa = PBXBuildFile; fileRef = 91AAB3BB189657BF0047C560 /* CoreData.framework */; };
		91AAB3DF189657BF0047C560 /* InfoPlist.strings in Resources */ = {isa = PBXBuildFile; fileRef = 91AAB3DD189657BF0047C560 /* InfoPlist.strings */; };
		91AAB3E1189657BF0047C560 /* toDoAppTests.m in Sources */ = {isa = PBXBuildFile; fileRef = 91AAB3E0189657BF0047C560 /* toDoAppTests.m */; };
		91AAB3EB18965B030047C560 /* AudioToolbox.framework in Frameworks */ = {isa = PBXBuildFile; fileRef = 91AAB3EA18965B030047C560 /* AudioToolbox.framework */; };
		91AAB3ED18965B090047C560 /* CFNetwork.framework in Frameworks */ = {isa = PBXBuildFile; fileRef = 91AAB3EC18965B090047C560 /* CFNetwork.framework */; };
		91AAB3EF18965B170047C560 /* CoreLocation.framework in Frameworks */ = {isa = PBXBuildFile; fileRef = 91AAB3EE18965B170047C560 /* CoreLocation.framework */; };
		91AAB3F118965B220047C560 /* libz.dylib in Frameworks */ = {isa = PBXBuildFile; fileRef = 91AAB3F018965B220047C560 /* libz.dylib */; };
		91AAB3F318965B290047C560 /* MobileCoreServices.framework in Frameworks */ = {isa = PBXBuildFile; fileRef = 91AAB3F218965B290047C560 /* MobileCoreServices.framework */; };
		91AAB3F518965B2F0047C560 /* QuartzCore.framework in Frameworks */ = {isa = PBXBuildFile; fileRef = 91AAB3F418965B2F0047C560 /* QuartzCore.framework */; };
		91AAB3F718965B360047C560 /* Security.framework in Frameworks */ = {isa = PBXBuildFile; fileRef = 91AAB3F618965B360047C560 /* Security.framework */; };
		91AAB3F918965B3E0047C560 /* StoreKit.framework in Frameworks */ = {isa = PBXBuildFile; fileRef = 91AAB3F818965B3E0047C560 /* StoreKit.framework */; };
		91AAB3FB18965B450047C560 /* SystemConfiguration.framework in Frameworks */ = {isa = PBXBuildFile; fileRef = 91AAB3FA18965B450047C560 /* SystemConfiguration.framework */; };
		91AAB402189662100047C560 /* Element.m in Sources */ = {isa = PBXBuildFile; fileRef = 91AAB401189662100047C560 /* Element.m */; };
		91AAB405189665190047C560 /* ManagedElement.m in Sources */ = {isa = PBXBuildFile; fileRef = 91AAB404189665190047C560 /* ManagedElement.m */; };
		91AAB41118967FED0047C560 /* Storyboard.storyboard in Resources */ = {isa = PBXBuildFile; fileRef = 91AAB41018967FED0047C560 /* Storyboard.storyboard */; };
		91AAB4181896816B0047C560 /* homeViewController.m in Sources */ = {isa = PBXBuildFile; fileRef = 91AAB4171896816B0047C560 /* homeViewController.m */; };
		91AAB41B1896A6F60047C560 /* taskViewController.m in Sources */ = {isa = PBXBuildFile; fileRef = 91AAB41A1896A6F60047C560 /* taskViewController.m */; };
		F0051E637D45416F918BC702 /* libPods.a in Frameworks */ = {isa = PBXBuildFile; fileRef = 76B9CEDC5D7846F784FF893F /* libPods.a */; };
/* End PBXBuildFile section */

/* Begin PBXContainerItemProxy section */
		91AAB3D8189657BF0047C560 /* PBXContainerItemProxy */ = {
			isa = PBXContainerItemProxy;
			containerPortal = 91AAB3AA189657BF0047C560 /* Project object */;
			proxyType = 1;
			remoteGlobalIDString = 91AAB3B1189657BF0047C560;
			remoteInfo = toDoApp;
		};
/* End PBXContainerItemProxy section */

/* Begin PBXFileReference section */
		379EB2F2E615475E962B5A34 /* Pods.xcconfig */ = {isa = PBXFileReference; includeInIndex = 1; lastKnownFileType = text.xcconfig; name = Pods.xcconfig; path = Pods/Pods.xcconfig; sourceTree = "<group>"; };
		76B9CEDC5D7846F784FF893F /* libPods.a */ = {isa = PBXFileReference; explicitFileType = archive.ar; includeInIndex = 0; path = libPods.a; sourceTree = BUILT_PRODUCTS_DIR; };
		91AAB3B2189657BF0047C560 /* toDoApp.app */ = {isa = PBXFileReference; explicitFileType = wrapper.application; includeInIndex = 0; path = toDoApp.app; sourceTree = BUILT_PRODUCTS_DIR; };
		91AAB3B5189657BF0047C560 /* Foundation.framework */ = {isa = PBXFileReference; lastKnownFileType = wrapper.framework; name = Foundation.framework; path = System/Library/Frameworks/Foundation.framework; sourceTree = SDKROOT; };
		91AAB3B7189657BF0047C560 /* CoreGraphics.framework */ = {isa = PBXFileReference; lastKnownFileType = wrapper.framework; name = CoreGraphics.framework; path = System/Library/Frameworks/CoreGraphics.framework; sourceTree = SDKROOT; };
		91AAB3B9189657BF0047C560 /* UIKit.framework */ = {isa = PBXFileReference; lastKnownFileType = wrapper.framework; name = UIKit.framework; path = System/Library/Frameworks/UIKit.framework; sourceTree = SDKROOT; };
		91AAB3BB189657BF0047C560 /* CoreData.framework */ = {isa = PBXFileReference; lastKnownFileType = wrapper.framework; name = CoreData.framework; path = System/Library/Frameworks/CoreData.framework; sourceTree = SDKROOT; };
		91AAB3BF189657BF0047C560 /* toDoApp-Info.plist */ = {isa = PBXFileReference; lastKnownFileType = text.plist.xml; path = "toDoApp-Info.plist"; sourceTree = "<group>"; };
		91AAB3C1189657BF0047C560 /* en */ = {isa = PBXFileReference; lastKnownFileType = text.plist.strings; name = en; path = en.lproj/InfoPlist.strings; sourceTree = "<group>"; };
		91AAB3C3189657BF0047C560 /* main.m */ = {isa = PBXFileReference; lastKnownFileType = sourcecode.c.objc; path = main.m; sourceTree = "<group>"; };
		91AAB3C5189657BF0047C560 /* toDoApp-Prefix.pch */ = {isa = PBXFileReference; lastKnownFileType = sourcecode.c.h; path = "toDoApp-Prefix.pch"; sourceTree = "<group>"; };
		91AAB3C6189657BF0047C560 /* AppDelegate.h */ = {isa = PBXFileReference; lastKnownFileType = sourcecode.c.h; path = AppDelegate.h; sourceTree = "<group>"; };
		91AAB3C7189657BF0047C560 /* AppDelegate.m */ = {isa = PBXFileReference; lastKnownFileType = sourcecode.c.objc; path = AppDelegate.m; sourceTree = "<group>"; };
		91AAB3CA189657BF0047C560 /* toDoApp.xcdatamodel */ = {isa = PBXFileReference; lastKnownFileType = wrapper.xcdatamodel; path = toDoApp.xcdatamodel; sourceTree = "<group>"; };
		91AAB3CC189657BF0047C560 /* Images.xcassets */ = {isa = PBXFileReference; lastKnownFileType = folder.assetcatalog; path = Images.xcassets; sourceTree = "<group>"; };
		91AAB3D2189657BF0047C560 /* toDoAppTests.xctest */ = {isa = PBXFileReference; explicitFileType = wrapper.cfbundle; includeInIndex = 0; path = toDoAppTests.xctest; sourceTree = BUILT_PRODUCTS_DIR; };
		91AAB3D3189657BF0047C560 /* XCTest.framework */ = {isa = PBXFileReference; lastKnownFileType = wrapper.framework; name = XCTest.framework; path = Library/Frameworks/XCTest.framework; sourceTree = DEVELOPER_DIR; };
		91AAB3DC189657BF0047C560 /* toDoAppTests-Info.plist */ = {isa = PBXFileReference; lastKnownFileType = text.plist.xml; path = "toDoAppTests-Info.plist"; sourceTree = "<group>"; };
		91AAB3DE189657BF0047C560 /* en */ = {isa = PBXFileReference; lastKnownFileType = text.plist.strings; name = en; path = en.lproj/InfoPlist.strings; sourceTree = "<group>"; };
		91AAB3E0189657BF0047C560 /* toDoAppTests.m */ = {isa = PBXFileReference; lastKnownFileType = sourcecode.c.objc; path = toDoAppTests.m; sourceTree = "<group>"; };
		91AAB3EA18965B030047C560 /* AudioToolbox.framework */ = {isa = PBXFileReference; lastKnownFileType = wrapper.framework; name = AudioToolbox.framework; path = System/Library/Frameworks/AudioToolbox.framework; sourceTree = SDKROOT; };
		91AAB3EC18965B090047C560 /* CFNetwork.framework */ = {isa = PBXFileReference; lastKnownFileType = wrapper.framework; name = CFNetwork.framework; path = System/Library/Frameworks/CFNetwork.framework; sourceTree = SDKROOT; };
		91AAB3EE18965B170047C560 /* CoreLocation.framework */ = {isa = PBXFileReference; lastKnownFileType = wrapper.framework; name = CoreLocation.framework; path = System/Library/Frameworks/CoreLocation.framework; sourceTree = SDKROOT; };
		91AAB3F018965B220047C560 /* libz.dylib */ = {isa = PBXFileReference; lastKnownFileType = "compiled.mach-o.dylib"; name = libz.dylib; path = usr/lib/libz.dylib; sourceTree = SDKROOT; };
		91AAB3F218965B290047C560 /* MobileCoreServices.framework */ = {isa = PBXFileReference; lastKnownFileType = wrapper.framework; name = MobileCoreServices.framework; path = System/Library/Frameworks/MobileCoreServices.framework; sourceTree = SDKROOT; };
		91AAB3F418965B2F0047C560 /* QuartzCore.framework */ = {isa = PBXFileReference; lastKnownFileType = wrapper.framework; name = QuartzCore.framework; path = System/Library/Frameworks/QuartzCore.framework; sourceTree = SDKROOT; };
		91AAB3F618965B360047C560 /* Security.framework */ = {isa = PBXFileReference; lastKnownFileType = wrapper.framework; name = Security.framework; path = System/Library/Frameworks/Security.framework; sourceTree = SDKROOT; };
		91AAB3F818965B3E0047C560 /* StoreKit.framework */ = {isa = PBXFileReference; lastKnownFileType = wrapper.framework; name = StoreKit.framework; path = System/Library/Frameworks/StoreKit.framework; sourceTree = SDKROOT; };
		91AAB3FA18965B450047C560 /* SystemConfiguration.framework */ = {isa = PBXFileReference; lastKnownFileType = wrapper.framework; name = SystemConfiguration.framework; path = System/Library/Frameworks/SystemConfiguration.framework; sourceTree = SDKROOT; };
		91AAB400189662100047C560 /* Element.h */ = {isa = PBXFileReference; fileEncoding = 4; lastKnownFileType = sourcecode.c.h; path = Element.h; sourceTree = "<group>"; };
		91AAB401189662100047C560 /* Element.m */ = {isa = PBXFileReference; fileEncoding = 4; lastKnownFileType = sourcecode.c.objc; path = Element.m; sourceTree = "<group>"; };
		91AAB403189665190047C560 /* ManagedElement.h */ = {isa = PBXFileReference; fileEncoding = 4; lastKnownFileType = sourcecode.c.h; path = ManagedElement.h; sourceTree = "<group>"; };
		91AAB404189665190047C560 /* ManagedElement.m */ = {isa = PBXFileReference; fileEncoding = 4; lastKnownFileType = sourcecode.c.objc; path = ManagedElement.m; sourceTree = "<group>"; };
		91AAB41018967FED0047C560 /* Storyboard.storyboard */ = {isa = PBXFileReference; fileEncoding = 4; lastKnownFileType = file.storyboard; path = Storyboard.storyboard; sourceTree = "<group>"; };
		91AAB4161896816B0047C560 /* homeViewController.h */ = {isa = PBXFileReference; fileEncoding = 4; lastKnownFileType = sourcecode.c.h; path = homeViewController.h; sourceTree = "<group>"; };
		91AAB4171896816B0047C560 /* homeViewController.m */ = {isa = PBXFileReference; fileEncoding = 4; lastKnownFileType = sourcecode.c.objc; path = homeViewController.m; sourceTree = "<group>"; };
		91AAB4191896A6F60047C560 /* taskViewController.h */ = {isa = PBXFileReference; fileEncoding = 4; lastKnownFileType = sourcecode.c.h; name = taskViewController.h; path = Controller/taskViewController.h; sourceTree = "<group>"; };
		91AAB41A1896A6F60047C560 /* taskViewController.m */ = {isa = PBXFileReference; fileEncoding = 4; lastKnownFileType = sourcecode.c.objc; name = taskViewController.m; path = Controller/taskViewController.m; sourceTree = "<group>"; };
/* End PBXFileReference section */

/* Begin PBXFrameworksBuildPhase section */
		91AAB3AF189657BF0047C560 /* Frameworks */ = {
			isa = PBXFrameworksBuildPhase;
			buildActionMask = 2147483647;
			files = (
				91AAB3FB18965B450047C560 /* SystemConfiguration.framework in Frameworks */,
				91AAB3F918965B3E0047C560 /* StoreKit.framework in Frameworks */,
				91AAB3F718965B360047C560 /* Security.framework in Frameworks */,
				91AAB3F518965B2F0047C560 /* QuartzCore.framework in Frameworks */,
				91AAB3F318965B290047C560 /* MobileCoreServices.framework in Frameworks */,
				91AAB3F118965B220047C560 /* libz.dylib in Frameworks */,
				91AAB3EF18965B170047C560 /* CoreLocation.framework in Frameworks */,
				91AAB3B8189657BF0047C560 /* CoreGraphics.framework in Frameworks */,
				91AAB3ED18965B090047C560 /* CFNetwork.framework in Frameworks */,
				91AAB3EB18965B030047C560 /* AudioToolbox.framework in Frameworks */,
				91AAB3BC189657BF0047C560 /* CoreData.framework in Frameworks */,
				91AAB3BA189657BF0047C560 /* UIKit.framework in Frameworks */,
				91AAB3B6189657BF0047C560 /* Foundation.framework in Frameworks */,
				F0051E637D45416F918BC702 /* libPods.a in Frameworks */,
			);
			runOnlyForDeploymentPostprocessing = 0;
		};
		91AAB3CF189657BF0047C560 /* Frameworks */ = {
			isa = PBXFrameworksBuildPhase;
			buildActionMask = 2147483647;
			files = (
				91AAB3D4189657BF0047C560 /* XCTest.framework in Frameworks */,
				91AAB3D7189657BF0047C560 /* CoreData.framework in Frameworks */,
				91AAB3D6189657BF0047C560 /* UIKit.framework in Frameworks */,
				91AAB3D5189657BF0047C560 /* Foundation.framework in Frameworks */,
			);
			runOnlyForDeploymentPostprocessing = 0;
		};
/* End PBXFrameworksBuildPhase section */

/* Begin PBXGroup section */
		91AAB3A9189657BF0047C560 = {
			isa = PBXGroup;
			children = (
				91AAB3BD189657BF0047C560 /* toDoApp */,
				91AAB3DA189657BF0047C560 /* toDoAppTests */,
				91AAB3B4189657BF0047C560 /* Frameworks */,
				91AAB3B3189657BF0047C560 /* Products */,
				379EB2F2E615475E962B5A34 /* Pods.xcconfig */,
			);
			sourceTree = "<group>";
		};
		91AAB3B3189657BF0047C560 /* Products */ = {
			isa = PBXGroup;
			children = (
				91AAB3B2189657BF0047C560 /* toDoApp.app */,
				91AAB3D2189657BF0047C560 /* toDoAppTests.xctest */,
			);
			name = Products;
			sourceTree = "<group>";
		};
		91AAB3B4189657BF0047C560 /* Frameworks */ = {
			isa = PBXGroup;
			children = (
				91AAB3FA18965B450047C560 /* SystemConfiguration.framework */,
				91AAB3F818965B3E0047C560 /* StoreKit.framework */,
				91AAB3F618965B360047C560 /* Security.framework */,
				91AAB3F418965B2F0047C560 /* QuartzCore.framework */,
				91AAB3F218965B290047C560 /* MobileCoreServices.framework */,
				91AAB3F018965B220047C560 /* libz.dylib */,
				91AAB3EE18965B170047C560 /* CoreLocation.framework */,
				91AAB3EC18965B090047C560 /* CFNetwork.framework */,
				91AAB3EA18965B030047C560 /* AudioToolbox.framework */,
				91AAB3B5189657BF0047C560 /* Foundation.framework */,
				91AAB3B7189657BF0047C560 /* CoreGraphics.framework */,
				91AAB3B9189657BF0047C560 /* UIKit.framework */,
				91AAB3BB189657BF0047C560 /* CoreData.framework */,
				91AAB3D3189657BF0047C560 /* XCTest.framework */,
				76B9CEDC5D7846F784FF893F /* libPods.a */,
			);
			name = Frameworks;
			sourceTree = "<group>";
		};
		91AAB3BD189657BF0047C560 /* toDoApp */ = {
			isa = PBXGroup;
			children = (
				91AAB415189681280047C560 /* Controller */,
				91AAB40F18967FDD0047C560 /* View */,
				91AAB3FF1896618B0047C560 /* Model */,
				91AAB3CC189657BF0047C560 /* Images.xcassets */,
				91AAB3C9189657BF0047C560 /* toDoApp.xcdatamodeld */,
				91AAB3BE189657BF0047C560 /* Supporting Files */,
			);
			path = toDoApp;
			sourceTree = "<group>";
		};
		91AAB3BE189657BF0047C560 /* Supporting Files */ = {
			isa = PBXGroup;
			children = (
				91AAB3C6189657BF0047C560 /* AppDelegate.h */,
				91AAB3C7189657BF0047C560 /* AppDelegate.m */,
				91AAB3BF189657BF0047C560 /* toDoApp-Info.plist */,
				91AAB3C0189657BF0047C560 /* InfoPlist.strings */,
				91AAB3C3189657BF0047C560 /* main.m */,
				91AAB3C5189657BF0047C560 /* toDoApp-Prefix.pch */,
			);
			name = "Supporting Files";
			sourceTree = "<group>";
		};
		91AAB3DA189657BF0047C560 /* toDoAppTests */ = {
			isa = PBXGroup;
			children = (
				91AAB3E0189657BF0047C560 /* toDoAppTests.m */,
				91AAB3DB189657BF0047C560 /* Supporting Files */,
			);
			path = toDoAppTests;
			sourceTree = "<group>";
		};
		91AAB3DB189657BF0047C560 /* Supporting Files */ = {
			isa = PBXGroup;
			children = (
				91AAB3DC189657BF0047C560 /* toDoAppTests-Info.plist */,
				91AAB3DD189657BF0047C560 /* InfoPlist.strings */,
			);
			name = "Supporting Files";
			sourceTree = "<group>";
		};
		91AAB3FF1896618B0047C560 /* Model */ = {
			isa = PBXGroup;
			children = (
				91AAB400189662100047C560 /* Element.h */,
				91AAB401189662100047C560 /* Element.m */,
				91AAB403189665190047C560 /* ManagedElement.h */,
				91AAB404189665190047C560 /* ManagedElement.m */,
			);
			name = Model;
			path = "/Users/benjaminsenechal/Documents/EPSI 2013:2014/Developpement iPhone/Projets/toDoApp/toDoApp/Model";
			sourceTree = "<absolute>";
		};
		91AAB40F18967FDD0047C560 /* View */ = {
			isa = PBXGroup;
			children = (
				91AAB41018967FED0047C560 /* Storyboard.storyboard */,
			);
			name = View;
			sourceTree = "<group>";
		};
		91AAB415189681280047C560 /* Controller */ = {
			isa = PBXGroup;
			children = (
				91AAB4161896816B0047C560 /* homeViewController.h */,
				91AAB4171896816B0047C560 /* homeViewController.m */,
				91AAB4191896A6F60047C560 /* taskViewController.h */,
				91AAB41A1896A6F60047C560 /* taskViewController.m */,
			);
			name = Controller;
			sourceTree = "<group>";
		};
/* End PBXGroup section */

/* Begin PBXNativeTarget section */
		91AAB3B1189657BF0047C560 /* toDoApp */ = {
			isa = PBXNativeTarget;
			buildConfigurationList = 91AAB3E4189657BF0047C560 /* Build configuration list for PBXNativeTarget "toDoApp" */;
			buildPhases = (
				99F1D2EAD5C246BC9F351F66 /* Check Pods Manifest.lock */,
				91AAB3AE189657BF0047C560 /* Sources */,
				91AAB3AF189657BF0047C560 /* Frameworks */,
				91AAB3B0189657BF0047C560 /* Resources */,
				F3EE0C1EFE8C48E2910FBD81 /* Copy Pods Resources */,
			);
			buildRules = (
			);
			dependencies = (
			);
			name = toDoApp;
			productName = toDoApp;
			productReference = 91AAB3B2189657BF0047C560 /* toDoApp.app */;
			productType = "com.apple.product-type.application";
		};
		91AAB3D1189657BF0047C560 /* toDoAppTests */ = {
			isa = PBXNativeTarget;
			buildConfigurationList = 91AAB3E7189657BF0047C560 /* Build configuration list for PBXNativeTarget "toDoAppTests" */;
			buildPhases = (
				91AAB3CE189657BF0047C560 /* Sources */,
				91AAB3CF189657BF0047C560 /* Frameworks */,
				91AAB3D0189657BF0047C560 /* Resources */,
			);
			buildRules = (
			);
			dependencies = (
				91AAB3D9189657BF0047C560 /* PBXTargetDependency */,
			);
			name = toDoAppTests;
			productName = toDoAppTests;
			productReference = 91AAB3D2189657BF0047C560 /* toDoAppTests.xctest */;
			productType = "com.apple.product-type.bundle.unit-test";
		};
/* End PBXNativeTarget section */

/* Begin PBXProject section */
		91AAB3AA189657BF0047C560 /* Project object */ = {
			isa = PBXProject;
			attributes = {
				LastUpgradeCheck = 0500;
				ORGANIZATIONNAME = "Benjamin SENECHAL";
				TargetAttributes = {
					91AAB3D1189657BF0047C560 = {
						TestTargetID = 91AAB3B1189657BF0047C560;
					};
				};
			};
			buildConfigurationList = 91AAB3AD189657BF0047C560 /* Build configuration list for PBXProject "toDoApp" */;
			compatibilityVersion = "Xcode 3.2";
			developmentRegion = English;
			hasScannedForEncodings = 0;
			knownRegions = (
				en,
			);
			mainGroup = 91AAB3A9189657BF0047C560;
			productRefGroup = 91AAB3B3189657BF0047C560 /* Products */;
			projectDirPath = "";
			projectRoot = "";
			targets = (
				91AAB3B1189657BF0047C560 /* toDoApp */,
				91AAB3D1189657BF0047C560 /* toDoAppTests */,
			);
		};
/* End PBXProject section */

/* Begin PBXResourcesBuildPhase section */
		91AAB3B0189657BF0047C560 /* Resources */ = {
			isa = PBXResourcesBuildPhase;
			buildActionMask = 2147483647;
			files = (
				91AAB3C2189657BF0047C560 /* InfoPlist.strings in Resources */,
				91AAB3CD189657BF0047C560 /* Images.xcassets in Resources */,
				91AAB41118967FED0047C560 /* Storyboard.storyboard in Resources */,
			);
			runOnlyForDeploymentPostprocessing = 0;
		};
		91AAB3D0189657BF0047C560 /* Resources */ = {
			isa = PBXResourcesBuildPhase;
			buildActionMask = 2147483647;
			files = (
				91AAB3DF189657BF0047C560 /* InfoPlist.strings in Resources */,
			);
			runOnlyForDeploymentPostprocessing = 0;
		};
/* End PBXResourcesBuildPhase section */

/* Begin PBXShellScriptBuildPhase section */
		99F1D2EAD5C246BC9F351F66 /* Check Pods Manifest.lock */ = {
			isa = PBXShellScriptBuildPhase;
			buildActionMask = 2147483647;
			files = (
			);
			inputPaths = (
			);
			name = "Check Pods Manifest.lock";
			outputPaths = (
			);
			runOnlyForDeploymentPostprocessing = 0;
			shellPath = /bin/sh;
			shellScript = "diff \"${PODS_ROOT}/../Podfile.lock\" \"${PODS_ROOT}/Manifest.lock\" > /dev/null\nif [[ $? != 0 ]] ; then\n    cat << EOM\nerror: The sandbox is not in sync with the Podfile.lock. Run 'pod install' or update your CocoaPods installation.\nEOM\n    exit 1\nfi\n";
			showEnvVarsInLog = 0;
		};
		F3EE0C1EFE8C48E2910FBD81 /* Copy Pods Resources */ = {
			isa = PBXShellScriptBuildPhase;
			buildActionMask = 2147483647;
			files = (
			);
			inputPaths = (
			);
			name = "Copy Pods Resources";
			outputPaths = (
			);
			runOnlyForDeploymentPostprocessing = 0;
			shellPath = /bin/sh;
			shellScript = "\"${SRCROOT}/Pods/Pods-resources.sh\"\n";
			showEnvVarsInLog = 0;
		};
/* End PBXShellScriptBuildPhase section */

/* Begin PBXSourcesBuildPhase section */
		91AAB3AE189657BF0047C560 /* Sources */ = {
			isa = PBXSourcesBuildPhase;
			buildActionMask = 2147483647;
			files = (
				91AAB3C8189657BF0047C560 /* AppDelegate.m in Sources */,
				91AAB3CB189657BF0047C560 /* toDoApp.xcdatamodeld in Sources */,
				91AAB402189662100047C560 /* Element.m in Sources */,
				91AAB405189665190047C560 /* ManagedElement.m in Sources */,
				91AAB41B1896A6F60047C560 /* taskViewController.m in Sources */,
				91AAB3C4189657BF0047C560 /* main.m in Sources */,
				91AAB4181896816B0047C560 /* homeViewController.m in Sources */,
			);
			runOnlyForDeploymentPostprocessing = 0;
		};
		91AAB3CE189657BF0047C560 /* Sources */ = {
			isa = PBXSourcesBuildPhase;
			buildActionMask = 2147483647;
			files = (
				91AAB3E1189657BF0047C560 /* toDoAppTests.m in Sources */,
			);
			runOnlyForDeploymentPostprocessing = 0;
		};
/* End PBXSourcesBuildPhase section */

/* Begin PBXTargetDependency section */
		91AAB3D9189657BF0047C560 /* PBXTargetDependency */ = {
			isa = PBXTargetDependency;
			target = 91AAB3B1189657BF0047C560 /* toDoApp */;
			targetProxy = 91AAB3D8189657BF0047C560 /* PBXContainerItemProxy */;
		};
/* End PBXTargetDependency section */

/* Begin PBXVariantGroup section */
		91AAB3C0189657BF0047C560 /* InfoPlist.strings */ = {
			isa = PBXVariantGroup;
			children = (
				91AAB3C1189657BF0047C560 /* en */,
			);
			name = InfoPlist.strings;
			sourceTree = "<group>";
		};
		91AAB3DD189657BF0047C560 /* InfoPlist.strings */ = {
			isa = PBXVariantGroup;
			children = (
				91AAB3DE189657BF0047C560 /* en */,
			);
			name = InfoPlist.strings;
			sourceTree = "<group>";
		};
/* End PBXVariantGroup section */

/* Begin XCBuildConfiguration section */
		91AAB3E2189657BF0047C560 /* Debug */ = {
			isa = XCBuildConfiguration;
			buildSettings = {
				ALWAYS_SEARCH_USER_PATHS = NO;
				ARCHS = "$(ARCHS_STANDARD_INCLUDING_64_BIT)";
				CLANG_CXX_LANGUAGE_STANDARD = "gnu++0x";
				CLANG_CXX_LIBRARY = "libc++";
				CLANG_ENABLE_MODULES = YES;
				CLANG_ENABLE_OBJC_ARC = YES;
				CLANG_WARN_BOOL_CONVERSION = YES;
				CLANG_WARN_CONSTANT_CONVERSION = YES;
				CLANG_WARN_DIRECT_OBJC_ISA_USAGE = YES_ERROR;
				CLANG_WARN_EMPTY_BODY = YES;
				CLANG_WARN_ENUM_CONVERSION = YES;
				CLANG_WARN_INT_CONVERSION = YES;
				CLANG_WARN_OBJC_ROOT_CLASS = YES_ERROR;
				CLANG_WARN__DUPLICATE_METHOD_MATCH = YES;
				"CODE_SIGN_IDENTITY[sdk=iphoneos*]" = "iPhone Developer";
				COPY_PHASE_STRIP = NO;
				GCC_C_LANGUAGE_STANDARD = gnu99;
				GCC_DYNAMIC_NO_PIC = NO;
				GCC_OPTIMIZATION_LEVEL = 0;
				GCC_PREPROCESSOR_DEFINITIONS = (
					"DEBUG=1",
					"$(inherited)",
				);
				GCC_SYMBOLS_PRIVATE_EXTERN = NO;
				GCC_WARN_64_TO_32_BIT_CONVERSION = YES;
				GCC_WARN_ABOUT_RETURN_TYPE = YES_ERROR;
				GCC_WARN_UNDECLARED_SELECTOR = YES;
				GCC_WARN_UNINITIALIZED_AUTOS = YES;
				GCC_WARN_UNUSED_FUNCTION = YES;
				GCC_WARN_UNUSED_VARIABLE = YES;
				IPHONEOS_DEPLOYMENT_TARGET = 7.0;
				ONLY_ACTIVE_ARCH = YES;
				SDKROOT = iphoneos;
			};
			name = Debug;
		};
		91AAB3E3189657BF0047C560 /* Release */ = {
			isa = XCBuildConfiguration;
			buildSettings = {
				ALWAYS_SEARCH_USER_PATHS = NO;
				ARCHS = "$(ARCHS_STANDARD_INCLUDING_64_BIT)";
				CLANG_CXX_LANGUAGE_STANDARD = "gnu++0x";
				CLANG_CXX_LIBRARY = "libc++";
				CLANG_ENABLE_MODULES = YES;
				CLANG_ENABLE_OBJC_ARC = YES;
				CLANG_WARN_BOOL_CONVERSION = YES;
				CLANG_WARN_CONSTANT_CONVERSION = YES;
				CLANG_WARN_DIRECT_OBJC_ISA_USAGE = YES_ERROR;
				CLANG_WARN_EMPTY_BODY = YES;
				CLANG_WARN_ENUM_CONVERSION = YES;
				CLANG_WARN_INT_CONVERSION = YES;
				CLANG_WARN_OBJC_ROOT_CLASS = YES_ERROR;
				CLANG_WARN__DUPLICATE_METHOD_MATCH = YES;
				"CODE_SIGN_IDENTITY[sdk=iphoneos*]" = "iPhone Developer";
				COPY_PHASE_STRIP = YES;
				ENABLE_NS_ASSERTIONS = NO;
				GCC_C_LANGUAGE_STANDARD = gnu99;
				GCC_WARN_64_TO_32_BIT_CONVERSION = YES;
				GCC_WARN_ABOUT_RETURN_TYPE = YES_ERROR;
				GCC_WARN_UNDECLARED_SELECTOR = YES;
				GCC_WARN_UNINITIALIZED_AUTOS = YES;
				GCC_WARN_UNUSED_FUNCTION = YES;
				GCC_WARN_UNUSED_VARIABLE = YES;
				IPHONEOS_DEPLOYMENT_TARGET = 7.0;
				SDKROOT = iphoneos;
				VALIDATE_PRODUCT = YES;
			};
			name = Release;
		};
		91AAB3E5189657BF0047C560 /* Debug */ = {
			isa = XCBuildConfiguration;
			baseConfigurationReference = 379EB2F2E615475E962B5A34 /* Pods.xcconfig */;
			buildSettings = {
				ASSETCATALOG_COMPILER_APPICON_NAME = AppIcon;
				ASSETCATALOG_COMPILER_LAUNCHIMAGE_NAME = LaunchImage;
				GCC_PRECOMPILE_PREFIX_HEADER = YES;
				GCC_PREFIX_HEADER = "toDoApp/toDoApp-Prefix.pch";
				INFOPLIST_FILE = "toDoApp/toDoApp-Info.plist";
				PRODUCT_NAME = "$(TARGET_NAME)";
				TARGETED_DEVICE_FAMILY = 1;
				WRAPPER_EXTENSION = app;
			};
			name = Debug;
		};
		91AAB3E6189657BF0047C560 /* Release */ = {
			isa = XCBuildConfiguration;
			baseConfigurationReference = 379EB2F2E615475E962B5A34 /* Pods.xcconfig */;
			buildSettings = {
				ASSETCATALOG_COMPILER_APPICON_NAME = AppIcon;
				ASSETCATALOG_COMPILER_LAUNCHIMAGE_NAME = LaunchImage;
				GCC_PRECOMPILE_PREFIX_HEADER = YES;
				GCC_PREFIX_HEADER = "toDoApp/toDoApp-Prefix.pch";
				INFOPLIST_FILE = "toDoApp/toDoApp-Info.plist";
				PRODUCT_NAME = "$(TARGET_NAME)";
				TARGETED_DEVICE_FAMILY = 1;
				WRAPPER_EXTENSION = app;
			};
			name = Release;
		};
		91AAB3E8189657BF0047C560 /* Debug */ = {
			isa = XCBuildConfiguration;
			buildSettings = {
				ARCHS = "$(ARCHS_STANDARD_INCLUDING_64_BIT)";
				BUNDLE_LOADER = "$(BUILT_PRODUCTS_DIR)/toDoApp.app/toDoApp";
				FRAMEWORK_SEARCH_PATHS = (
					"$(SDKROOT)/Developer/Library/Frameworks",
					"$(inherited)",
					"$(DEVELOPER_FRAMEWORKS_DIR)",
				);
				GCC_PRECOMPILE_PREFIX_HEADER = YES;
				GCC_PREFIX_HEADER = "toDoApp/toDoApp-Prefix.pch";
				GCC_PREPROCESSOR_DEFINITIONS = (
					"DEBUG=1",
					"$(inherited)",
				);
				INFOPLIST_FILE = "toDoAppTests/toDoAppTests-Info.plist";
				PRODUCT_NAME = "$(TARGET_NAME)";
				TEST_HOST = "$(BUNDLE_LOADER)";
				WRAPPER_EXTENSION = xctest;
			};
			name = Debug;
		};
		91AAB3E9189657BF0047C560 /* Release */ = {
			isa = XCBuildConfiguration;
			buildSettings = {
				ARCHS = "$(ARCHS_STANDARD_INCLUDING_64_BIT)";
				BUNDLE_LOADER = "$(BUILT_PRODUCTS_DIR)/toDoApp.app/toDoApp";
				FRAMEWORK_SEARCH_PATHS = (
					"$(SDKROOT)/Developer/Library/Frameworks",
					"$(inherited)",
					"$(DEVELOPER_FRAMEWORKS_DIR)",
				);
				GCC_PRECOMPILE_PREFIX_HEADER = YES;
				GCC_PREFIX_HEADER = "toDoApp/toDoApp-Prefix.pch";
				INFOPLIST_FILE = "toDoAppTests/toDoAppTests-Info.plist";
				PRODUCT_NAME = "$(TARGET_NAME)";
				TEST_HOST = "$(BUNDLE_LOADER)";
				WRAPPER_EXTENSION = xctest;
			};
			name = Release;
		};
/* End XCBuildConfiguration section */

/* Begin XCConfigurationList section */
		91AAB3AD189657BF0047C560 /* Build configuration list for PBXProject "toDoApp" */ = {
			isa = XCConfigurationList;
			buildConfigurations = (
				91AAB3E2189657BF0047C560 /* Debug */,
				91AAB3E3189657BF0047C560 /* Release */,
			);
			defaultConfigurationIsVisible = 0;
			defaultConfigurationName = Release;
		};
		91AAB3E4189657BF0047C560 /* Build configuration list for PBXNativeTarget "toDoApp" */ = {
			isa = XCConfigurationList;
			buildConfigurations = (
				91AAB3E5189657BF0047C560 /* Debug */,
				91AAB3E6189657BF0047C560 /* Release */,
			);
			defaultConfigurationIsVisible = 0;
			defaultConfigurationName = Release;
		};
		91AAB3E7189657BF0047C560 /* Build configuration list for PBXNativeTarget "toDoAppTests" */ = {
			isa = XCConfigurationList;
			buildConfigurations = (
				91AAB3E8189657BF0047C560 /* Debug */,
				91AAB3E9189657BF0047C560 /* Release */,
			);
			defaultConfigurationIsVisible = 0;
			defaultConfigurationName = Release;
		};
/* End XCConfigurationList section */

/* Begin XCVersionGroup section */
		91AAB3C9189657BF0047C560 /* toDoApp.xcdatamodeld */ = {
			isa = XCVersionGroup;
			children = (
				91AAB3CA189657BF0047C560 /* toDoApp.xcdatamodel */,
			);
			currentVersion = 91AAB3CA189657BF0047C560 /* toDoApp.xcdatamodel */;
			path = toDoApp.xcdatamodeld;
			sourceTree = "<group>";
			versionGroupType = wrapper.xcdatamodel;
		};
/* End XCVersionGroup section */
	};
	rootObject = 91AAB3AA189657BF0047C560 /* Project object */;
}
